PODS:
  - AeroGear-Push-Swift (1.2.0)
  - AeroGearHttp (0.6.0)
  - OCMock (3.2)
  - OHHTTPStubs (4.7.1):
    - OHHTTPStubs/Default (= 4.7.1)
  - OHHTTPStubs/Core (4.7.1)
  - OHHTTPStubs/Default (4.7.1):
    - OHHTTPStubs/Core
    - OHHTTPStubs/JSON
    - OHHTTPStubs/NSURLSession
    - OHHTTPStubs/OHPathHelpers
  - OHHTTPStubs/JSON (4.7.1):
    - OHHTTPStubs/Core
  - OHHTTPStubs/NSURLSession (4.7.1):
    - OHHTTPStubs/Core
  - OHHTTPStubs/OHPathHelpers (4.7.1)
  - OHHTTPStubs/Swift (4.7.1):
    - OHHTTPStubs/Core
  - ReachabilitySwift (2.3.3)

DEPENDENCIES:
  - AeroGear-Push-Swift (= 1.2.0)
  - AeroGearHttp (= 0.6.0)
  - OCMock (= 3.2)
  - OHHTTPStubs (= 4.7.1)
  - OHHTTPStubs/Swift (= 4.7.1)
  - ReachabilitySwift (= 2.3.3)

SPEC CHECKSUMS:
  AeroGear-Push-Swift: 2b6ada18939e58d003e6a2315c22be22556048b1
  AeroGearHttp: e958f301cc2d1c7fbfd4b61af187ea3490040a48
  OCMock: 28def049ef47f996b515a8eeea958be7ccab2dbb
  OHHTTPStubs: f7d1604d04d37d055460c0ef9af01bb249ded0fa
  ReachabilitySwift: e0f6b6f280effb47731acfaaa2d5ffe223703793

PODFILE CHECKSUM: 266be54528c95f84bae6110f76abb71f866aea8f

COCOAPODS: 1.0.1
