PODS:
  - AeroGear-Push-Swift (1.2.0)
  - AeroGearHttp (0.7.0)
  - OCMock (3.2)
  - OHHTTPStubs (4.7.1):
    - OHHTTPStubs/Default (= 4.7.1)
  - OHHTTPStubs/Core (4.7.1)
  - OHHTTPStubs/Default (4.7.1):
    - OHHTTPStubs/Core
    - OHHTTPStubs/JSON
    - OHHTTPStubs/NSURLSession
    - OHHTTPStubs/OHPathHelpers
  - OHHTTPStubs/JSON (4.7.1):
    - OHHTTPStubs/Core
  - OHHTTPStubs/NSURLSession (4.7.1):
    - OHHTTPStubs/Core
  - OHHTTPStubs/OHPathHelpers (4.7.1)
  - OHHTTPStubs/Swift (4.7.1):
    - OHHTTPStubs/Core
  - ReachabilitySwift (2.3.3)

DEPENDENCIES:
  - AeroGear-Push-Swift (= 1.2.0)
  - AeroGearHttp (= 0.7.0)
  - OCMock (= 3.2)
  - OHHTTPStubs (= 4.7.1)
  - OHHTTPStubs/Swift (= 4.7.1)
  - ReachabilitySwift (= 2.3.3)

SPEC CHECKSUMS:
  AeroGear-Push-Swift: 2b6ada18939e58d003e6a2315c22be22556048b1
  AeroGearHttp: 4660c8bf5b56cd00a3b75d7c5ecf94774469df5c
  OCMock: 28def049ef47f996b515a8eeea958be7ccab2dbb
  OHHTTPStubs: f7d1604d04d37d055460c0ef9af01bb249ded0fa
  ReachabilitySwift: e0f6b6f280effb47731acfaaa2d5ffe223703793

PODFILE CHECKSUM: 2be4e04a4563b0631fe856156068d2524fa70e25

COCOAPODS: 1.0.1
