// !$*UTF8*$!
{
	archiveVersion = 1;
	classes = {
	};
	objectVersion = 46;
	objects = {

/* Begin PBXBuildFile section */
		482632C71C901F6A008FEB4A /* FHSyncClientTest.m in Sources */ = {isa = PBXBuildFile; fileRef = 482632C21C901F6A008FEB4A /* FHSyncClientTest.m */; };
		482632C81C901F6A008FEB4A /* FHSyncDataRecordTest.m in Sources */ = {isa = PBXBuildFile; fileRef = 482632C31C901F6A008FEB4A /* FHSyncDataRecordTest.m */; };
		482632C91C901F6A008FEB4A /* FHSyncDatasetTest.m in Sources */ = {isa = PBXBuildFile; fileRef = 482632C41C901F6A008FEB4A /* FHSyncDatasetTest.m */; };
		482632CA1C901F6A008FEB4A /* FHSyncPendingDataRecordTest.m in Sources */ = {isa = PBXBuildFile; fileRef = 482632C51C901F6A008FEB4A /* FHSyncPendingDataRecordTest.m */; };
		482632CB1C901F6A008FEB4A /* FHSyncUtilsTest.m in Sources */ = {isa = PBXBuildFile; fileRef = 482632C61C901F6A008FEB4A /* FHSyncUtilsTest.m */; };
		482632CE1C90237C008FEB4A /* FHTestUtils.m in Sources */ = {isa = PBXBuildFile; fileRef = 482632CD1C90237C008FEB4A /* FHTestUtils.m */; };
		483E82251C610CED00E7F198 /* FHSyncClient.h in Headers */ = {isa = PBXBuildFile; fileRef = 483E82161C610CED00E7F198 /* FHSyncClient.h */; };
		483E82261C610CED00E7F198 /* FHSyncClient.m in Sources */ = {isa = PBXBuildFile; fileRef = 483E82171C610CED00E7F198 /* FHSyncClient.m */; };
		483E82271C610CED00E7F198 /* FHSyncConfig.h in Headers */ = {isa = PBXBuildFile; fileRef = 483E82181C610CED00E7F198 /* FHSyncConfig.h */; };
		483E82281C610CED00E7F198 /* FHSyncConfig.m in Sources */ = {isa = PBXBuildFile; fileRef = 483E82191C610CED00E7F198 /* FHSyncConfig.m */; };
		483E82291C610CED00E7F198 /* FHSyncDataRecord.h in Headers */ = {isa = PBXBuildFile; fileRef = 483E821A1C610CED00E7F198 /* FHSyncDataRecord.h */; };
		483E822A1C610CED00E7F198 /* FHSyncDataRecord.m in Sources */ = {isa = PBXBuildFile; fileRef = 483E821B1C610CED00E7F198 /* FHSyncDataRecord.m */; };
		483E822B1C610CED00E7F198 /* FHSyncDataset.h in Headers */ = {isa = PBXBuildFile; fileRef = 483E821C1C610CED00E7F198 /* FHSyncDataset.h */; };
		483E822C1C610CED00E7F198 /* FHSyncDataset.m in Sources */ = {isa = PBXBuildFile; fileRef = 483E821D1C610CED00E7F198 /* FHSyncDataset.m */; };
		483E822D1C610CED00E7F198 /* FHSyncDelegate.h in Headers */ = {isa = PBXBuildFile; fileRef = 483E821E1C610CED00E7F198 /* FHSyncDelegate.h */; };
		483E822E1C610CED00E7F198 /* FHSyncNotificationMessage.h in Headers */ = {isa = PBXBuildFile; fileRef = 483E821F1C610CED00E7F198 /* FHSyncNotificationMessage.h */; };
		483E822F1C610CED00E7F198 /* FHSyncNotificationMessage.m in Sources */ = {isa = PBXBuildFile; fileRef = 483E82201C610CED00E7F198 /* FHSyncNotificationMessage.m */; };
		483E82301C610CED00E7F198 /* FHSyncPendingDataRecord.h in Headers */ = {isa = PBXBuildFile; fileRef = 483E82211C610CED00E7F198 /* FHSyncPendingDataRecord.h */; };
		483E82311C610CED00E7F198 /* FHSyncPendingDataRecord.m in Sources */ = {isa = PBXBuildFile; fileRef = 483E82221C610CED00E7F198 /* FHSyncPendingDataRecord.m */; };
		483E82321C610CED00E7F198 /* FHSyncUtils.h in Headers */ = {isa = PBXBuildFile; fileRef = 483E82231C610CED00E7F198 /* FHSyncUtils.h */; };
		483E82331C610CED00E7F198 /* FHSyncUtils.m in Sources */ = {isa = PBXBuildFile; fileRef = 483E82241C610CED00E7F198 /* FHSyncUtils.m */; };
		485D2CD11CA59B2A002C480F /* OAuthViewController.swift in Sources */ = {isa = PBXBuildFile; fileRef = 485D2CCF1CA59B2A002C480F /* OAuthViewController.swift */; };
		485D2CD31CA59C8A002C480F /* AuthRequest.swift in Sources */ = {isa = PBXBuildFile; fileRef = 485D2CD21CA59C8A002C480F /* AuthRequest.swift */; };
		48723C051C86E48B002F8669 /* Request.swift in Sources */ = {isa = PBXBuildFile; fileRef = 48723C041C86E48B002F8669 /* Request.swift */; };
		48723C071C86E6C6002F8669 /* InitRequest.swift in Sources */ = {isa = PBXBuildFile; fileRef = 48723C061C86E6C6002F8669 /* InitRequest.swift */; };
		48723C0B1C870455002F8669 /* CloudRequestTests.swift in Sources */ = {isa = PBXBuildFile; fileRef = 48723C0A1C870455002F8669 /* CloudRequestTests.swift */; };
		487708771C6D294E0009487A /* FHTests.swift in Sources */ = {isa = PBXBuildFile; fileRef = 487708761C6D294E0009487A /* FHTests.swift */; };
		487885DB1CB25E9B00FFB3D7 /* AuthRequestTests.swift in Sources */ = {isa = PBXBuildFile; fileRef = 487885DA1CB25E9B00FFB3D7 /* AuthRequestTests.swift */; };
		487885DF1CB28E3E00FFB3D7 /* OAuthViewControllerTests.swift.swift in Sources */ = {isa = PBXBuildFile; fileRef = 487885DE1CB28E3E00FFB3D7 /* OAuthViewControllerTests.swift.swift */; };
		4878D5DE1B579965004518C4 /* FeedHenry.h in Headers */ = {isa = PBXBuildFile; fileRef = 4878D5DD1B579965004518C4 /* FeedHenry.h */; settings = {ATTRIBUTES = (Public, ); }; };
		4878D5E51B579965004518C4 /* FeedHenry.framework in Frameworks */ = {isa = PBXBuildFile; fileRef = 4878D5DA1B579965004518C4 /* FeedHenry.framework */; };
		48A126E41C61FE0A00F2C4A6 /* FHJSON.h in Headers */ = {isa = PBXBuildFile; fileRef = 48A126E21C61FE0A00F2C4A6 /* FHJSON.h */; };
		48A126E51C61FE0A00F2C4A6 /* FHJSON.m in Sources */ = {isa = PBXBuildFile; fileRef = 48A126E31C61FE0A00F2C4A6 /* FHJSON.m */; };
		48A126E71C61FFBF00F2C4A6 /* Response.swift in Sources */ = {isa = PBXBuildFile; fileRef = 48A126E61C61FFBF00F2C4A6 /* Response.swift */; };
		48A126E91C61FFD600F2C4A6 /* CloudRequest.swift in Sources */ = {isa = PBXBuildFile; fileRef = 48A126E81C61FFD600F2C4A6 /* CloudRequest.swift */; };
		48A126EC1C62195C00F2C4A6 /* FHDefines.h in Headers */ = {isa = PBXBuildFile; fileRef = 48A126EB1C62195C00F2C4A6 /* FHDefines.h */; };
		48A857581C68940700EC00D4 /* CloudPropsTests.swift in Sources */ = {isa = PBXBuildFile; fileRef = 48A857571C68940700EC00D4 /* CloudPropsTests.swift */; };
		48A8575A1C689F0100EC00D4 /* CloudProps.swift in Sources */ = {isa = PBXBuildFile; fileRef = 48A857591C689F0100EC00D4 /* CloudProps.swift */; };
		48A8575C1C68A35700EC00D4 /* Config.swift in Sources */ = {isa = PBXBuildFile; fileRef = 48A8575B1C68A35700EC00D4 /* Config.swift */; };
		48A8575E1C68E00D00EC00D4 /* InitRequestTests.swift in Sources */ = {isa = PBXBuildFile; fileRef = 48A8575D1C68E00D00EC00D4 /* InitRequestTests.swift */; };
		48A857601C69271300EC00D4 /* fhconfig.plist in Resources */ = {isa = PBXBuildFile; fileRef = 48A8575F1C69271300EC00D4 /* fhconfig.plist */; };
		48A857621C69296A00EC00D4 /* FH.swift in Sources */ = {isa = PBXBuildFile; fileRef = 48A857611C69296A00EC00D4 /* FH.swift */; };
		48F49A6F1CA0410600B7C544 /* PushConfig.swift in Sources */ = {isa = PBXBuildFile; fileRef = 48F49A6E1CA0410600B7C544 /* PushConfig.swift */; };
		59165C1A01FCABE3291E4E64 /* Pods_FeedHenry.framework in Frameworks */ = {isa = PBXBuildFile; fileRef = 46ADADDF6E885B37C57FCDD5 /* Pods_FeedHenry.framework */; };
		A71885CFEE27FF09D34D4CD1 /* Pods_FeedHenry_FeedHenryTests.framework in Frameworks */ = {isa = PBXBuildFile; fileRef = 099F54B332A7EC8E1E21D7F2 /* Pods_FeedHenry_FeedHenryTests.framework */; };
/* End PBXBuildFile section */

/* Begin PBXContainerItemProxy section */
		4878D5E61B579965004518C4 /* PBXContainerItemProxy */ = {
			isa = PBXContainerItemProxy;
			containerPortal = 4878D5D11B579965004518C4 /* Project object */;
			proxyType = 1;
			remoteGlobalIDString = 4878D5D91B579965004518C4;
			remoteInfo = FeedHenry;
		};
/* End PBXContainerItemProxy section */

/* Begin PBXFileReference section */
		099F54B332A7EC8E1E21D7F2 /* Pods_FeedHenry_FeedHenryTests.framework */ = {isa = PBXFileReference; explicitFileType = wrapper.framework; includeInIndex = 0; path = Pods_FeedHenry_FeedHenryTests.framework; sourceTree = BUILT_PRODUCTS_DIR; };
		1E89683189C3ED0959258EC0 /* Pods-FeedHenry-FeedHenryTests.release.xcconfig */ = {isa = PBXFileReference; includeInIndex = 1; lastKnownFileType = text.xcconfig; name = "Pods-FeedHenry-FeedHenryTests.release.xcconfig"; path = "Pods/Target Support Files/Pods-FeedHenry-FeedHenryTests/Pods-FeedHenry-FeedHenryTests.release.xcconfig"; sourceTree = "<group>"; };
		299F31FEE249E16032BBFAE6 /* Pods-FeedHenry.release.xcconfig */ = {isa = PBXFileReference; includeInIndex = 1; lastKnownFileType = text.xcconfig; name = "Pods-FeedHenry.release.xcconfig"; path = "Pods/Target Support Files/Pods-FeedHenry/Pods-FeedHenry.release.xcconfig"; sourceTree = "<group>"; };
		46ADADDF6E885B37C57FCDD5 /* Pods_FeedHenry.framework */ = {isa = PBXFileReference; explicitFileType = wrapper.framework; includeInIndex = 0; path = Pods_FeedHenry.framework; sourceTree = BUILT_PRODUCTS_DIR; };
		482632C11C901F69008FEB4A /* FeedHenryTests-Bridging-Header.h */ = {isa = PBXFileReference; lastKnownFileType = sourcecode.c.h; path = "FeedHenryTests-Bridging-Header.h"; sourceTree = "<group>"; };
		482632C21C901F6A008FEB4A /* FHSyncClientTest.m */ = {isa = PBXFileReference; fileEncoding = 4; lastKnownFileType = sourcecode.c.objc; name = FHSyncClientTest.m; path = Sync/FHSyncClientTest.m; sourceTree = "<group>"; };
		482632C31C901F6A008FEB4A /* FHSyncDataRecordTest.m */ = {isa = PBXFileReference; fileEncoding = 4; lastKnownFileType = sourcecode.c.objc; name = FHSyncDataRecordTest.m; path = Sync/FHSyncDataRecordTest.m; sourceTree = "<group>"; };
		482632C41C901F6A008FEB4A /* FHSyncDatasetTest.m */ = {isa = PBXFileReference; fileEncoding = 4; lastKnownFileType = sourcecode.c.objc; name = FHSyncDatasetTest.m; path = Sync/FHSyncDatasetTest.m; sourceTree = "<group>"; };
		482632C51C901F6A008FEB4A /* FHSyncPendingDataRecordTest.m */ = {isa = PBXFileReference; fileEncoding = 4; lastKnownFileType = sourcecode.c.objc; name = FHSyncPendingDataRecordTest.m; path = Sync/FHSyncPendingDataRecordTest.m; sourceTree = "<group>"; };
		482632C61C901F6A008FEB4A /* FHSyncUtilsTest.m */ = {isa = PBXFileReference; fileEncoding = 4; lastKnownFileType = sourcecode.c.objc; name = FHSyncUtilsTest.m; path = Sync/FHSyncUtilsTest.m; sourceTree = "<group>"; };
		482632CC1C90237C008FEB4A /* FHTestUtils.h */ = {isa = PBXFileReference; fileEncoding = 4; lastKnownFileType = sourcecode.c.h; name = FHTestUtils.h; path = Sync/FHTestUtils.h; sourceTree = "<group>"; };
		482632CD1C90237C008FEB4A /* FHTestUtils.m */ = {isa = PBXFileReference; fileEncoding = 4; lastKnownFileType = sourcecode.c.objc; name = FHTestUtils.m; path = Sync/FHTestUtils.m; sourceTree = "<group>"; };
		483E82161C610CED00E7F198 /* FHSyncClient.h */ = {isa = PBXFileReference; fileEncoding = 4; lastKnownFileType = sourcecode.c.h; name = FHSyncClient.h; path = Sync/FHSyncClient.h; sourceTree = "<group>"; };
		483E82171C610CED00E7F198 /* FHSyncClient.m */ = {isa = PBXFileReference; fileEncoding = 4; lastKnownFileType = sourcecode.c.objc; name = FHSyncClient.m; path = Sync/FHSyncClient.m; sourceTree = "<group>"; };
		483E82181C610CED00E7F198 /* FHSyncConfig.h */ = {isa = PBXFileReference; fileEncoding = 4; lastKnownFileType = sourcecode.c.h; name = FHSyncConfig.h; path = Sync/FHSyncConfig.h; sourceTree = "<group>"; };
		483E82191C610CED00E7F198 /* FHSyncConfig.m */ = {isa = PBXFileReference; fileEncoding = 4; lastKnownFileType = sourcecode.c.objc; name = FHSyncConfig.m; path = Sync/FHSyncConfig.m; sourceTree = "<group>"; };
		483E821A1C610CED00E7F198 /* FHSyncDataRecord.h */ = {isa = PBXFileReference; fileEncoding = 4; lastKnownFileType = sourcecode.c.h; name = FHSyncDataRecord.h; path = Sync/FHSyncDataRecord.h; sourceTree = "<group>"; };
		483E821B1C610CED00E7F198 /* FHSyncDataRecord.m */ = {isa = PBXFileReference; fileEncoding = 4; lastKnownFileType = sourcecode.c.objc; name = FHSyncDataRecord.m; path = Sync/FHSyncDataRecord.m; sourceTree = "<group>"; };
		483E821C1C610CED00E7F198 /* FHSyncDataset.h */ = {isa = PBXFileReference; fileEncoding = 4; lastKnownFileType = sourcecode.c.h; name = FHSyncDataset.h; path = Sync/FHSyncDataset.h; sourceTree = "<group>"; };
		483E821D1C610CED00E7F198 /* FHSyncDataset.m */ = {isa = PBXFileReference; fileEncoding = 4; lastKnownFileType = sourcecode.c.objc; name = FHSyncDataset.m; path = Sync/FHSyncDataset.m; sourceTree = "<group>"; };
		483E821E1C610CED00E7F198 /* FHSyncDelegate.h */ = {isa = PBXFileReference; fileEncoding = 4; lastKnownFileType = sourcecode.c.h; name = FHSyncDelegate.h; path = Sync/FHSyncDelegate.h; sourceTree = "<group>"; };
		483E821F1C610CED00E7F198 /* FHSyncNotificationMessage.h */ = {isa = PBXFileReference; fileEncoding = 4; lastKnownFileType = sourcecode.c.h; name = FHSyncNotificationMessage.h; path = Sync/FHSyncNotificationMessage.h; sourceTree = "<group>"; };
		483E82201C610CED00E7F198 /* FHSyncNotificationMessage.m */ = {isa = PBXFileReference; fileEncoding = 4; lastKnownFileType = sourcecode.c.objc; name = FHSyncNotificationMessage.m; path = Sync/FHSyncNotificationMessage.m; sourceTree = "<group>"; };
		483E82211C610CED00E7F198 /* FHSyncPendingDataRecord.h */ = {isa = PBXFileReference; fileEncoding = 4; lastKnownFileType = sourcecode.c.h; name = FHSyncPendingDataRecord.h; path = Sync/FHSyncPendingDataRecord.h; sourceTree = "<group>"; };
		483E82221C610CED00E7F198 /* FHSyncPendingDataRecord.m */ = {isa = PBXFileReference; fileEncoding = 4; lastKnownFileType = sourcecode.c.objc; name = FHSyncPendingDataRecord.m; path = Sync/FHSyncPendingDataRecord.m; sourceTree = "<group>"; };
		483E82231C610CED00E7F198 /* FHSyncUtils.h */ = {isa = PBXFileReference; fileEncoding = 4; lastKnownFileType = sourcecode.c.h; name = FHSyncUtils.h; path = Sync/FHSyncUtils.h; sourceTree = "<group>"; };
		483E82241C610CED00E7F198 /* FHSyncUtils.m */ = {isa = PBXFileReference; fileEncoding = 4; lastKnownFileType = sourcecode.c.objc; name = FHSyncUtils.m; path = Sync/FHSyncUtils.m; sourceTree = "<group>"; };
		485D2CCF1CA59B2A002C480F /* OAuthViewController.swift */ = {isa = PBXFileReference; fileEncoding = 4; lastKnownFileType = sourcecode.swift; name = OAuthViewController.swift; path = OAuth/OAuthViewController.swift; sourceTree = "<group>"; };
		485D2CD21CA59C8A002C480F /* AuthRequest.swift */ = {isa = PBXFileReference; fileEncoding = 4; lastKnownFileType = sourcecode.swift; name = AuthRequest.swift; path = Cloud/AuthRequest.swift; sourceTree = "<group>"; };
		48723C041C86E48B002F8669 /* Request.swift */ = {isa = PBXFileReference; fileEncoding = 4; lastKnownFileType = sourcecode.swift; name = Request.swift; path = Cloud/Request.swift; sourceTree = "<group>"; };
		48723C061C86E6C6002F8669 /* InitRequest.swift */ = {isa = PBXFileReference; fileEncoding = 4; lastKnownFileType = sourcecode.swift; name = InitRequest.swift; path = Cloud/InitRequest.swift; sourceTree = "<group>"; };
		48723C0A1C870455002F8669 /* CloudRequestTests.swift */ = {isa = PBXFileReference; fileEncoding = 4; lastKnownFileType = sourcecode.swift; path = CloudRequestTests.swift; sourceTree = "<group>"; };
		487708761C6D294E0009487A /* FHTests.swift */ = {isa = PBXFileReference; fileEncoding = 4; lastKnownFileType = sourcecode.swift; path = FHTests.swift; sourceTree = "<group>"; };
		487885DA1CB25E9B00FFB3D7 /* AuthRequestTests.swift */ = {isa = PBXFileReference; fileEncoding = 4; lastKnownFileType = sourcecode.swift; path = AuthRequestTests.swift; sourceTree = "<group>"; };
		487885DE1CB28E3E00FFB3D7 /* OAuthViewControllerTests.swift.swift */ = {isa = PBXFileReference; fileEncoding = 4; lastKnownFileType = sourcecode.swift; path = OAuthViewControllerTests.swift.swift; sourceTree = "<group>"; };
		4878D5DA1B579965004518C4 /* FeedHenry.framework */ = {isa = PBXFileReference; explicitFileType = wrapper.framework; includeInIndex = 0; path = FeedHenry.framework; sourceTree = BUILT_PRODUCTS_DIR; };
		4878D5DD1B579965004518C4 /* FeedHenry.h */ = {isa = PBXFileReference; lastKnownFileType = sourcecode.c.h; path = FeedHenry.h; sourceTree = "<group>"; };
		4878D5DF1B579965004518C4 /* Info.plist */ = {isa = PBXFileReference; lastKnownFileType = text.plist.xml; path = Info.plist; sourceTree = "<group>"; };
		4878D5E41B579965004518C4 /* FeedHenryTests.xctest */ = {isa = PBXFileReference; explicitFileType = wrapper.cfbundle; includeInIndex = 0; path = FeedHenryTests.xctest; sourceTree = BUILT_PRODUCTS_DIR; };
		4878D5EB1B579965004518C4 /* Info.plist */ = {isa = PBXFileReference; lastKnownFileType = text.plist.xml; path = Info.plist; sourceTree = "<group>"; };
		48A126E21C61FE0A00F2C4A6 /* FHJSON.h */ = {isa = PBXFileReference; fileEncoding = 4; lastKnownFileType = sourcecode.c.h; name = FHJSON.h; path = Sync/FHJSON.h; sourceTree = "<group>"; };
		48A126E31C61FE0A00F2C4A6 /* FHJSON.m */ = {isa = PBXFileReference; fileEncoding = 4; lastKnownFileType = sourcecode.c.objc; name = FHJSON.m; path = Sync/FHJSON.m; sourceTree = "<group>"; };
		48A126E61C61FFBF00F2C4A6 /* Response.swift */ = {isa = PBXFileReference; fileEncoding = 4; lastKnownFileType = sourcecode.swift; name = Response.swift; path = Cloud/Response.swift; sourceTree = "<group>"; };
		48A126E81C61FFD600F2C4A6 /* CloudRequest.swift */ = {isa = PBXFileReference; fileEncoding = 4; lastKnownFileType = sourcecode.swift; name = CloudRequest.swift; path = Cloud/CloudRequest.swift; sourceTree = "<group>"; };
		48A126EA1C62033B00F2C4A6 /* FeedHenry-Swift.h */ = {isa = PBXFileReference; lastKnownFileType = sourcecode.c.h; path = "FeedHenry-Swift.h"; sourceTree = "<group>"; };
		48A126EB1C62195C00F2C4A6 /* FHDefines.h */ = {isa = PBXFileReference; fileEncoding = 4; lastKnownFileType = sourcecode.c.h; name = FHDefines.h; path = Sync/FHDefines.h; sourceTree = "<group>"; };
		48A857571C68940700EC00D4 /* CloudPropsTests.swift */ = {isa = PBXFileReference; fileEncoding = 4; lastKnownFileType = sourcecode.swift; path = CloudPropsTests.swift; sourceTree = "<group>"; };
		48A857591C689F0100EC00D4 /* CloudProps.swift */ = {isa = PBXFileReference; fileEncoding = 4; lastKnownFileType = sourcecode.swift; name = CloudProps.swift; path = Config/CloudProps.swift; sourceTree = "<group>"; };
		48A8575B1C68A35700EC00D4 /* Config.swift */ = {isa = PBXFileReference; fileEncoding = 4; lastKnownFileType = sourcecode.swift; name = Config.swift; path = Config/Config.swift; sourceTree = "<group>"; };
		48A8575D1C68E00D00EC00D4 /* InitRequestTests.swift */ = {isa = PBXFileReference; fileEncoding = 4; lastKnownFileType = sourcecode.swift; path = InitRequestTests.swift; sourceTree = "<group>"; };
		48A8575F1C69271300EC00D4 /* fhconfig.plist */ = {isa = PBXFileReference; fileEncoding = 4; lastKnownFileType = text.plist.xml; path = fhconfig.plist; sourceTree = "<group>"; };
		48A857611C69296A00EC00D4 /* FH.swift */ = {isa = PBXFileReference; fileEncoding = 4; lastKnownFileType = sourcecode.swift; path = FH.swift; sourceTree = "<group>"; };
		48F1A9E71C98A120004E7B50 /* module.modulemap */ = {isa = PBXFileReference; lastKnownFileType = "sourcecode.module-map"; path = module.modulemap; sourceTree = "<group>"; };
		48F49A6E1CA0410600B7C544 /* PushConfig.swift */ = {isa = PBXFileReference; fileEncoding = 4; lastKnownFileType = sourcecode.swift; path = PushConfig.swift; sourceTree = "<group>"; };
		77C83D55D64CE176F53CBBC9 /* Pods-FeedHenry-FeedHenryTests.debug.xcconfig */ = {isa = PBXFileReference; includeInIndex = 1; lastKnownFileType = text.xcconfig; name = "Pods-FeedHenry-FeedHenryTests.debug.xcconfig"; path = "Pods/Target Support Files/Pods-FeedHenry-FeedHenryTests/Pods-FeedHenry-FeedHenryTests.debug.xcconfig"; sourceTree = "<group>"; };
		E161B812AFDCEB8670B4F03C /* Pods-FeedHenry.debug.xcconfig */ = {isa = PBXFileReference; includeInIndex = 1; lastKnownFileType = text.xcconfig; name = "Pods-FeedHenry.debug.xcconfig"; path = "Pods/Target Support Files/Pods-FeedHenry/Pods-FeedHenry.debug.xcconfig"; sourceTree = "<group>"; };
/* End PBXFileReference section */

/* Begin PBXFrameworksBuildPhase section */
		4878D5D61B579965004518C4 /* Frameworks */ = {
			isa = PBXFrameworksBuildPhase;
			buildActionMask = 2147483647;
			files = (
				59165C1A01FCABE3291E4E64 /* Pods_FeedHenry.framework in Frameworks */,
			);
			runOnlyForDeploymentPostprocessing = 0;
		};
		4878D5E11B579965004518C4 /* Frameworks */ = {
			isa = PBXFrameworksBuildPhase;
			buildActionMask = 2147483647;
			files = (
				4878D5E51B579965004518C4 /* FeedHenry.framework in Frameworks */,
				A71885CFEE27FF09D34D4CD1 /* Pods_FeedHenry_FeedHenryTests.framework in Frameworks */,
			);
			runOnlyForDeploymentPostprocessing = 0;
		};
/* End PBXFrameworksBuildPhase section */

/* Begin PBXGroup section */
		482632BE1C901CF6008FEB4A /* Sync */ = {
			isa = PBXGroup;
			children = (
				482632C21C901F6A008FEB4A /* FHSyncClientTest.m */,
				482632C31C901F6A008FEB4A /* FHSyncDataRecordTest.m */,
				482632C41C901F6A008FEB4A /* FHSyncDatasetTest.m */,
				482632C51C901F6A008FEB4A /* FHSyncPendingDataRecordTest.m */,
				482632C61C901F6A008FEB4A /* FHSyncUtilsTest.m */,
				482632CC1C90237C008FEB4A /* FHTestUtils.h */,
				482632CD1C90237C008FEB4A /* FHTestUtils.m */,
				482632C11C901F69008FEB4A /* FeedHenryTests-Bridging-Header.h */,
			);
			name = Sync;
			sourceTree = "<group>";
		};
		483E82111C5FB9BE00E7F198 /* Cloud */ = {
			isa = PBXGroup;
			children = (
				48723C041C86E48B002F8669 /* Request.swift */,
				48723C061C86E6C6002F8669 /* InitRequest.swift */,
				485D2CD21CA59C8A002C480F /* AuthRequest.swift */,
				48A126E81C61FFD600F2C4A6 /* CloudRequest.swift */,
				48A126E61C61FFBF00F2C4A6 /* Response.swift */,
			);
			name = Cloud;
			sourceTree = "<group>";
		};
		483E82121C5FB9D500E7F198 /* Config */ = {
			isa = PBXGroup;
			children = (
				48A8575B1C68A35700EC00D4 /* Config.swift */,
				48A857591C689F0100EC00D4 /* CloudProps.swift */,
				48F49A6E1CA0410600B7C544 /* PushConfig.swift */,
			);
			name = Config;
			sourceTree = "<group>";
		};
		483E82151C610CDD00E7F198 /* Sync */ = {
			isa = PBXGroup;
			children = (
				48A126EB1C62195C00F2C4A6 /* FHDefines.h */,
				48A126E21C61FE0A00F2C4A6 /* FHJSON.h */,
				48A126E31C61FE0A00F2C4A6 /* FHJSON.m */,
				483E82161C610CED00E7F198 /* FHSyncClient.h */,
				483E82171C610CED00E7F198 /* FHSyncClient.m */,
				483E82181C610CED00E7F198 /* FHSyncConfig.h */,
				483E82191C610CED00E7F198 /* FHSyncConfig.m */,
				483E821A1C610CED00E7F198 /* FHSyncDataRecord.h */,
				483E821B1C610CED00E7F198 /* FHSyncDataRecord.m */,
				483E821C1C610CED00E7F198 /* FHSyncDataset.h */,
				483E821D1C610CED00E7F198 /* FHSyncDataset.m */,
				483E821E1C610CED00E7F198 /* FHSyncDelegate.h */,
				483E821F1C610CED00E7F198 /* FHSyncNotificationMessage.h */,
				483E82201C610CED00E7F198 /* FHSyncNotificationMessage.m */,
				483E82211C610CED00E7F198 /* FHSyncPendingDataRecord.h */,
				483E82221C610CED00E7F198 /* FHSyncPendingDataRecord.m */,
				483E82231C610CED00E7F198 /* FHSyncUtils.h */,
				483E82241C610CED00E7F198 /* FHSyncUtils.m */,
			);
			name = Sync;
			sourceTree = "<group>";
		};
		485D2CCD1CA59B15002C480F /* OAuth */ = {
			isa = PBXGroup;
			children = (
				485D2CCF1CA59B2A002C480F /* OAuthViewController.swift */,
			);
			name = OAuth;
			sourceTree = "<group>";
		};
		48723C021C86DEC7002F8669 /* Config */ = {
			isa = PBXGroup;
			children = (
				48A857571C68940700EC00D4 /* CloudPropsTests.swift */,
			);
			name = Config;
			sourceTree = "<group>";
		};
		48723C031C86DEE5002F8669 /* Cloud */ = {
			isa = PBXGroup;
			children = (
				48A8575D1C68E00D00EC00D4 /* InitRequestTests.swift */,
				48723C0A1C870455002F8669 /* CloudRequestTests.swift */,
				487885DA1CB25E9B00FFB3D7 /* AuthRequestTests.swift */,
			);
			name = Cloud;
			sourceTree = "<group>";
		};
		487885DD1CB28E1D00FFB3D7 /* OAuth */ = {
			isa = PBXGroup;
			children = (
				487885DE1CB28E3E00FFB3D7 /* OAuthViewControllerTests.swift.swift */,
			);
			name = OAuth;
			sourceTree = "<group>";
		};
		4878D5D01B579965004518C4 = {
			isa = PBXGroup;
			children = (
				4878D5DC1B579965004518C4 /* FeedHenry */,
				4878D5E81B579965004518C4 /* FeedHenryTests */,
				4878D5DB1B579965004518C4 /* Products */,
				B597F5F9E090082CCB3EEB90 /* Pods */,
				EEC5BBC3039641F458F3D3A0 /* Frameworks */,
			);
			sourceTree = "<group>";
		};
		4878D5DB1B579965004518C4 /* Products */ = {
			isa = PBXGroup;
			children = (
				4878D5DA1B579965004518C4 /* FeedHenry.framework */,
				4878D5E41B579965004518C4 /* FeedHenryTests.xctest */,
			);
			name = Products;
			sourceTree = "<group>";
		};
		4878D5DC1B579965004518C4 /* FeedHenry */ = {
			isa = PBXGroup;
			children = (
				48A126EA1C62033B00F2C4A6 /* FeedHenry-Swift.h */,
				483E82151C610CDD00E7F198 /* Sync */,
				483E82111C5FB9BE00E7F198 /* Cloud */,
				483E82121C5FB9D500E7F198 /* Config */,
				485D2CCD1CA59B15002C480F /* OAuth */,
				4878D5DD1B579965004518C4 /* FeedHenry.h */,
				48A857611C69296A00EC00D4 /* FH.swift */,
				4878D5DF1B579965004518C4 /* Info.plist */,
				48F1A9E71C98A120004E7B50 /* module.modulemap */,
			);
			path = FeedHenry;
			sourceTree = "<group>";
		};
		4878D5E81B579965004518C4 /* FeedHenryTests */ = {
			isa = PBXGroup;
			children = (
				487708761C6D294E0009487A /* FHTests.swift */,
				48723C031C86DEE5002F8669 /* Cloud */,
				48723C021C86DEC7002F8669 /* Config */,
				482632BE1C901CF6008FEB4A /* Sync */,
				487885DD1CB28E1D00FFB3D7 /* OAuth */,
				4878D5EB1B579965004518C4 /* Info.plist */,
				48A8575F1C69271300EC00D4 /* fhconfig.plist */,
			);
			path = FeedHenryTests;
			sourceTree = "<group>";
		};
		B597F5F9E090082CCB3EEB90 /* Pods */ = {
			isa = PBXGroup;
			children = (
				E161B812AFDCEB8670B4F03C /* Pods-FeedHenry.debug.xcconfig */,
				299F31FEE249E16032BBFAE6 /* Pods-FeedHenry.release.xcconfig */,
				77C83D55D64CE176F53CBBC9 /* Pods-FeedHenry-FeedHenryTests.debug.xcconfig */,
				1E89683189C3ED0959258EC0 /* Pods-FeedHenry-FeedHenryTests.release.xcconfig */,
			);
			name = Pods;
			sourceTree = "<group>";
		};
		EEC5BBC3039641F458F3D3A0 /* Frameworks */ = {
			isa = PBXGroup;
			children = (
				46ADADDF6E885B37C57FCDD5 /* Pods_FeedHenry.framework */,
				099F54B332A7EC8E1E21D7F2 /* Pods_FeedHenry_FeedHenryTests.framework */,
			);
			name = Frameworks;
			sourceTree = "<group>";
		};
/* End PBXGroup section */

/* Begin PBXHeadersBuildPhase section */
		4878D5D71B579965004518C4 /* Headers */ = {
			isa = PBXHeadersBuildPhase;
			buildActionMask = 2147483647;
			files = (
				483E82301C610CED00E7F198 /* FHSyncPendingDataRecord.h in Headers */,
				48A126EC1C62195C00F2C4A6 /* FHDefines.h in Headers */,
				483E822B1C610CED00E7F198 /* FHSyncDataset.h in Headers */,
				483E82321C610CED00E7F198 /* FHSyncUtils.h in Headers */,
				483E82291C610CED00E7F198 /* FHSyncDataRecord.h in Headers */,
				48A126E41C61FE0A00F2C4A6 /* FHJSON.h in Headers */,
				483E82251C610CED00E7F198 /* FHSyncClient.h in Headers */,
				4878D5DE1B579965004518C4 /* FeedHenry.h in Headers */,
				483E822E1C610CED00E7F198 /* FHSyncNotificationMessage.h in Headers */,
				483E822D1C610CED00E7F198 /* FHSyncDelegate.h in Headers */,
				483E82271C610CED00E7F198 /* FHSyncConfig.h in Headers */,
			);
			runOnlyForDeploymentPostprocessing = 0;
		};
/* End PBXHeadersBuildPhase section */

/* Begin PBXNativeTarget section */
		4878D5D91B579965004518C4 /* FeedHenry */ = {
			isa = PBXNativeTarget;
			buildConfigurationList = 4878D5EE1B579965004518C4 /* Build configuration list for PBXNativeTarget "FeedHenry" */;
			buildPhases = (
				2FC963718BD852CE68EC88A4 /* [CP] Check Pods Manifest.lock */,
				4878D5D51B579965004518C4 /* Sources */,
				4878D5D61B579965004518C4 /* Frameworks */,
				4878D5D71B579965004518C4 /* Headers */,
				4878D5D81B579965004518C4 /* Resources */,
				EF69C127F977187071DAAB75 /* [CP] Copy Pods Resources */,
				48F1A9EB1C98B3FC004E7B50 /* ShellScript */,
			);
			buildRules = (
			);
			dependencies = (
			);
			name = FeedHenry;
			productName = FeedHenry;
			productReference = 4878D5DA1B579965004518C4 /* FeedHenry.framework */;
			productType = "com.apple.product-type.framework";
		};
		4878D5E31B579965004518C4 /* FeedHenryTests */ = {
			isa = PBXNativeTarget;
			buildConfigurationList = 4878D5F11B579965004518C4 /* Build configuration list for PBXNativeTarget "FeedHenryTests" */;
			buildPhases = (
				F5A5508682DC17207EA91C02 /* [CP] Check Pods Manifest.lock */,
				4878D5E01B579965004518C4 /* Sources */,
				4878D5E11B579965004518C4 /* Frameworks */,
				4878D5E21B579965004518C4 /* Resources */,
				43FC41A72DCCE30C2C396D96 /* [CP] Embed Pods Frameworks */,
				1AFBC7B9CAE3C4529A28D10D /* [CP] Copy Pods Resources */,
			);
			buildRules = (
			);
			dependencies = (
				4878D5E71B579965004518C4 /* PBXTargetDependency */,
			);
			name = FeedHenryTests;
			productName = FeedHenryTests;
			productReference = 4878D5E41B579965004518C4 /* FeedHenryTests.xctest */;
			productType = "com.apple.product-type.bundle.unit-test";
		};
/* End PBXNativeTarget section */

/* Begin PBXProject section */
		4878D5D11B579965004518C4 /* Project object */ = {
			isa = PBXProject;
			attributes = {
				LastSwiftUpdateCheck = 0720;
				LastUpgradeCheck = 0810;
				ORGANIZATIONNAME = FeedHenry;
				TargetAttributes = {
					4878D5D91B579965004518C4 = {
						CreatedOnToolsVersion = 7.0;
						LastSwiftMigration = 0810;
					};
					4878D5E31B579965004518C4 = {
						CreatedOnToolsVersion = 7.0;
						LastSwiftMigration = 0810;
					};
				};
			};
			buildConfigurationList = 4878D5D41B579965004518C4 /* Build configuration list for PBXProject "FeedHenry" */;
			compatibilityVersion = "Xcode 3.2";
			developmentRegion = English;
			hasScannedForEncodings = 0;
			knownRegions = (
				en,
			);
			mainGroup = 4878D5D01B579965004518C4;
			productRefGroup = 4878D5DB1B579965004518C4 /* Products */;
			projectDirPath = "";
			projectRoot = "";
			targets = (
				4878D5D91B579965004518C4 /* FeedHenry */,
				4878D5E31B579965004518C4 /* FeedHenryTests */,
			);
		};
/* End PBXProject section */

/* Begin PBXResourcesBuildPhase section */
		4878D5D81B579965004518C4 /* Resources */ = {
			isa = PBXResourcesBuildPhase;
			buildActionMask = 2147483647;
			files = (
			);
			runOnlyForDeploymentPostprocessing = 0;
		};
		4878D5E21B579965004518C4 /* Resources */ = {
			isa = PBXResourcesBuildPhase;
			buildActionMask = 2147483647;
			files = (
				48A857601C69271300EC00D4 /* fhconfig.plist in Resources */,
			);
			runOnlyForDeploymentPostprocessing = 0;
		};
/* End PBXResourcesBuildPhase section */

/* Begin PBXShellScriptBuildPhase section */
		1AFBC7B9CAE3C4529A28D10D /* [CP] Copy Pods Resources */ = {
			isa = PBXShellScriptBuildPhase;
			buildActionMask = 2147483647;
			files = (
			);
			inputPaths = (
			);
			name = "[CP] Copy Pods Resources";
			outputPaths = (
			);
			runOnlyForDeploymentPostprocessing = 0;
			shellPath = /bin/sh;
			shellScript = "\"${SRCROOT}/Pods/Target Support Files/Pods-FeedHenry-FeedHenryTests/Pods-FeedHenry-FeedHenryTests-resources.sh\"\n";
			showEnvVarsInLog = 0;
		};
		2FC963718BD852CE68EC88A4 /* [CP] Check Pods Manifest.lock */ = {
			isa = PBXShellScriptBuildPhase;
			buildActionMask = 2147483647;
			files = (
			);
			inputPaths = (
			);
			name = "[CP] Check Pods Manifest.lock";
			outputPaths = (
			);
			runOnlyForDeploymentPostprocessing = 0;
			shellPath = /bin/sh;
			shellScript = "diff \"${PODS_ROOT}/../Podfile.lock\" \"${PODS_ROOT}/Manifest.lock\" > /dev/null\nif [ $? != 0 ] ; then\n    # print error to STDERR\n    echo \"error: The sandbox is not in sync with the Podfile.lock. Run 'pod install' or update your CocoaPods installation.\" >&2\n    exit 1\nfi\n";
			showEnvVarsInLog = 0;
		};
		43FC41A72DCCE30C2C396D96 /* [CP] Embed Pods Frameworks */ = {
			isa = PBXShellScriptBuildPhase;
			buildActionMask = 2147483647;
			files = (
			);
			inputPaths = (
			);
			name = "[CP] Embed Pods Frameworks";
			outputPaths = (
			);
			runOnlyForDeploymentPostprocessing = 0;
			shellPath = /bin/sh;
			shellScript = "\"${SRCROOT}/Pods/Target Support Files/Pods-FeedHenry-FeedHenryTests/Pods-FeedHenry-FeedHenryTests-frameworks.sh\"\n";
			showEnvVarsInLog = 0;
		};
		48F1A9EB1C98B3FC004E7B50 /* ShellScript */ = {
			isa = PBXShellScriptBuildPhase;
			buildActionMask = 2147483647;
			files = (
			);
			inputPaths = (
			);
			outputPaths = (
			);
			runOnlyForDeploymentPostprocessing = 0;
			shellPath = /bin/sh;
			shellScript = "cp ${BUILD_ROOT}/Debug-iphonesimulator/FeedHenry.framework/Headers/FeedHenry-Swift.h ${SRCROOT}/FeedHenry/FeedHenry-Swift.h";
		};
		EF69C127F977187071DAAB75 /* [CP] Copy Pods Resources */ = {
			isa = PBXShellScriptBuildPhase;
			buildActionMask = 2147483647;
			files = (
			);
			inputPaths = (
			);
			name = "[CP] Copy Pods Resources";
			outputPaths = (
			);
			runOnlyForDeploymentPostprocessing = 0;
			shellPath = /bin/sh;
			shellScript = "\"${SRCROOT}/Pods/Target Support Files/Pods-FeedHenry/Pods-FeedHenry-resources.sh\"\n";
			showEnvVarsInLog = 0;
		};
		F5A5508682DC17207EA91C02 /* [CP] Check Pods Manifest.lock */ = {
			isa = PBXShellScriptBuildPhase;
			buildActionMask = 2147483647;
			files = (
			);
			inputPaths = (
			);
			name = "[CP] Check Pods Manifest.lock";
			outputPaths = (
			);
			runOnlyForDeploymentPostprocessing = 0;
			shellPath = /bin/sh;
			shellScript = "diff \"${PODS_ROOT}/../Podfile.lock\" \"${PODS_ROOT}/Manifest.lock\" > /dev/null\nif [ $? != 0 ] ; then\n    # print error to STDERR\n    echo \"error: The sandbox is not in sync with the Podfile.lock. Run 'pod install' or update your CocoaPods installation.\" >&2\n    exit 1\nfi\n";
			showEnvVarsInLog = 0;
		};
/* End PBXShellScriptBuildPhase section */

/* Begin PBXSourcesBuildPhase section */
		4878D5D51B579965004518C4 /* Sources */ = {
			isa = PBXSourcesBuildPhase;
			buildActionMask = 2147483647;
			files = (
				485D2CD11CA59B2A002C480F /* OAuthViewController.swift in Sources */,
				48A857621C69296A00EC00D4 /* FH.swift in Sources */,
				48F49A6F1CA0410600B7C544 /* PushConfig.swift in Sources */,
				483E82311C610CED00E7F198 /* FHSyncPendingDataRecord.m in Sources */,
				48A126E91C61FFD600F2C4A6 /* CloudRequest.swift in Sources */,
				485D2CD31CA59C8A002C480F /* AuthRequest.swift in Sources */,
				483E82281C610CED00E7F198 /* FHSyncConfig.m in Sources */,
				48A8575A1C689F0100EC00D4 /* CloudProps.swift in Sources */,
				48A126E71C61FFBF00F2C4A6 /* Response.swift in Sources */,
				48723C071C86E6C6002F8669 /* InitRequest.swift in Sources */,
				48A8575C1C68A35700EC00D4 /* Config.swift in Sources */,
				483E82331C610CED00E7F198 /* FHSyncUtils.m in Sources */,
				483E822C1C610CED00E7F198 /* FHSyncDataset.m in Sources */,
				48A126E51C61FE0A00F2C4A6 /* FHJSON.m in Sources */,
				483E822F1C610CED00E7F198 /* FHSyncNotificationMessage.m in Sources */,
				48723C051C86E48B002F8669 /* Request.swift in Sources */,
				483E82261C610CED00E7F198 /* FHSyncClient.m in Sources */,
				483E822A1C610CED00E7F198 /* FHSyncDataRecord.m in Sources */,
			);
			runOnlyForDeploymentPostprocessing = 0;
		};
		4878D5E01B579965004518C4 /* Sources */ = {
			isa = PBXSourcesBuildPhase;
			buildActionMask = 2147483647;
			files = (
				487885DB1CB25E9B00FFB3D7 /* AuthRequestTests.swift in Sources */,
				482632CA1C901F6A008FEB4A /* FHSyncPendingDataRecordTest.m in Sources */,
				48A857581C68940700EC00D4 /* CloudPropsTests.swift in Sources */,
				48723C0B1C870455002F8669 /* CloudRequestTests.swift in Sources */,
				482632C81C901F6A008FEB4A /* FHSyncDataRecordTest.m in Sources */,
				487708771C6D294E0009487A /* FHTests.swift in Sources */,
				482632C71C901F6A008FEB4A /* FHSyncClientTest.m in Sources */,
				482632CB1C901F6A008FEB4A /* FHSyncUtilsTest.m in Sources */,
				48A8575E1C68E00D00EC00D4 /* InitRequestTests.swift in Sources */,
				487885DF1CB28E3E00FFB3D7 /* OAuthViewControllerTests.swift.swift in Sources */,
				482632CE1C90237C008FEB4A /* FHTestUtils.m in Sources */,
				482632C91C901F6A008FEB4A /* FHSyncDatasetTest.m in Sources */,
			);
			runOnlyForDeploymentPostprocessing = 0;
		};
/* End PBXSourcesBuildPhase section */

/* Begin PBXTargetDependency section */
		4878D5E71B579965004518C4 /* PBXTargetDependency */ = {
			isa = PBXTargetDependency;
			target = 4878D5D91B579965004518C4 /* FeedHenry */;
			targetProxy = 4878D5E61B579965004518C4 /* PBXContainerItemProxy */;
		};
/* End PBXTargetDependency section */

/* Begin XCBuildConfiguration section */
		4878D5EC1B579965004518C4 /* Debug */ = {
			isa = XCBuildConfiguration;
			buildSettings = {
				ALWAYS_EMBED_SWIFT_STANDARD_LIBRARIES = YES;
				ALWAYS_SEARCH_USER_PATHS = NO;
				CLANG_CXX_LANGUAGE_STANDARD = "gnu++0x";
				CLANG_CXX_LIBRARY = "libc++";
				CLANG_ENABLE_MODULES = YES;
				CLANG_ENABLE_OBJC_ARC = YES;
				CLANG_WARN_BOOL_CONVERSION = YES;
				CLANG_WARN_CONSTANT_CONVERSION = YES;
				CLANG_WARN_DIRECT_OBJC_ISA_USAGE = YES_ERROR;
				CLANG_WARN_EMPTY_BODY = YES;
				CLANG_WARN_ENUM_CONVERSION = YES;
				CLANG_WARN_INFINITE_RECURSION = YES;
				CLANG_WARN_INT_CONVERSION = YES;
				CLANG_WARN_OBJC_ROOT_CLASS = YES_ERROR;
				CLANG_WARN_SUSPICIOUS_MOVE = YES;
				CLANG_WARN_UNREACHABLE_CODE = YES;
				CLANG_WARN__DUPLICATE_METHOD_MATCH = YES;
				"CODE_SIGN_IDENTITY[sdk=iphoneos*]" = "iPhone Developer";
				COPY_PHASE_STRIP = NO;
				CURRENT_PROJECT_VERSION = 1;
				DEBUG_INFORMATION_FORMAT = dwarf;
				DEFINES_MODULE = YES;
				ENABLE_STRICT_OBJC_MSGSEND = YES;
				ENABLE_TESTABILITY = YES;
				GCC_C_LANGUAGE_STANDARD = gnu99;
				GCC_DYNAMIC_NO_PIC = NO;
				GCC_NO_COMMON_BLOCKS = YES;
				GCC_OPTIMIZATION_LEVEL = 0;
				GCC_PREPROCESSOR_DEFINITIONS = (
					"DEBUG=1",
					"$(inherited)",
				);
				GCC_WARN_64_TO_32_BIT_CONVERSION = YES;
				GCC_WARN_ABOUT_RETURN_TYPE = YES_ERROR;
				GCC_WARN_UNDECLARED_SELECTOR = NO;
				GCC_WARN_UNINITIALIZED_AUTOS = YES_AGGRESSIVE;
				GCC_WARN_UNUSED_FUNCTION = YES;
				GCC_WARN_UNUSED_VARIABLE = YES;
				IPHONEOS_DEPLOYMENT_TARGET = 8.0;
				MTL_ENABLE_DEBUG_INFO = YES;
				ONLY_ACTIVE_ARCH = YES;
				SDKROOT = iphoneos;
				SWIFT_OPTIMIZATION_LEVEL = "-Onone";
				TARGETED_DEVICE_FAMILY = "1,2";
				VERSIONING_SYSTEM = "apple-generic";
				VERSION_INFO_PREFIX = "";
			};
			name = Debug;
		};
		4878D5ED1B579965004518C4 /* Release */ = {
			isa = XCBuildConfiguration;
			buildSettings = {
				ALWAYS_EMBED_SWIFT_STANDARD_LIBRARIES = YES;
				ALWAYS_SEARCH_USER_PATHS = NO;
				CLANG_CXX_LANGUAGE_STANDARD = "gnu++0x";
				CLANG_CXX_LIBRARY = "libc++";
				CLANG_ENABLE_MODULES = YES;
				CLANG_ENABLE_OBJC_ARC = YES;
				CLANG_WARN_BOOL_CONVERSION = YES;
				CLANG_WARN_CONSTANT_CONVERSION = YES;
				CLANG_WARN_DIRECT_OBJC_ISA_USAGE = YES_ERROR;
				CLANG_WARN_EMPTY_BODY = YES;
				CLANG_WARN_ENUM_CONVERSION = YES;
				CLANG_WARN_INFINITE_RECURSION = YES;
				CLANG_WARN_INT_CONVERSION = YES;
				CLANG_WARN_OBJC_ROOT_CLASS = YES_ERROR;
				CLANG_WARN_SUSPICIOUS_MOVE = YES;
				CLANG_WARN_UNREACHABLE_CODE = YES;
				CLANG_WARN__DUPLICATE_METHOD_MATCH = YES;
				"CODE_SIGN_IDENTITY[sdk=iphoneos*]" = "iPhone Developer";
				COPY_PHASE_STRIP = NO;
				CURRENT_PROJECT_VERSION = 1;
				DEBUG_INFORMATION_FORMAT = "dwarf-with-dsym";
				DEFINES_MODULE = YES;
				ENABLE_NS_ASSERTIONS = NO;
				ENABLE_STRICT_OBJC_MSGSEND = YES;
				GCC_C_LANGUAGE_STANDARD = gnu99;
				GCC_NO_COMMON_BLOCKS = YES;
				GCC_WARN_64_TO_32_BIT_CONVERSION = YES;
				GCC_WARN_ABOUT_RETURN_TYPE = YES_ERROR;
				GCC_WARN_UNDECLARED_SELECTOR = NO;
				GCC_WARN_UNINITIALIZED_AUTOS = YES_AGGRESSIVE;
				GCC_WARN_UNUSED_FUNCTION = YES;
				GCC_WARN_UNUSED_VARIABLE = YES;
				IPHONEOS_DEPLOYMENT_TARGET = 8.0;
				MTL_ENABLE_DEBUG_INFO = NO;
				SDKROOT = iphoneos;
				SWIFT_OPTIMIZATION_LEVEL = "-Owholemodule";
				TARGETED_DEVICE_FAMILY = "1,2";
				VALIDATE_PRODUCT = YES;
				VERSIONING_SYSTEM = "apple-generic";
				VERSION_INFO_PREFIX = "";
			};
			name = Release;
		};
		4878D5EF1B579965004518C4 /* Debug */ = {
			isa = XCBuildConfiguration;
			baseConfigurationReference = E161B812AFDCEB8670B4F03C /* Pods-FeedHenry.debug.xcconfig */;
			buildSettings = {
				ALWAYS_EMBED_SWIFT_STANDARD_LIBRARIES = "$(inherited)";
				CLANG_ENABLE_MODULES = YES;
				"CODE_SIGN_IDENTITY[sdk=iphoneos*]" = "";
				DEFINES_MODULE = YES;
				DYLIB_COMPATIBILITY_VERSION = 1;
				DYLIB_CURRENT_VERSION = 1;
				DYLIB_INSTALL_NAME_BASE = "@rpath";
				INFOPLIST_FILE = FeedHenry/Info.plist;
				INSTALL_PATH = "$(LOCAL_LIBRARY_DIR)/Frameworks";
				IPHONEOS_DEPLOYMENT_TARGET = 8.0;
				LD_RUNPATH_SEARCH_PATHS = "$(inherited) @executable_path/Frameworks @loader_path/Frameworks";
				PRODUCT_BUNDLE_IDENTIFIER = com.feedhenry.FeedHenry;
				PRODUCT_NAME = "$(TARGET_NAME)";
				SKIP_INSTALL = YES;
				SWIFT_OBJC_BRIDGING_HEADER = "";
				SWIFT_OPTIMIZATION_LEVEL = "-Onone";
				SWIFT_VERSION = 3.0.1;
			};
			name = Debug;
		};
		4878D5F01B579965004518C4 /* Release */ = {
			isa = XCBuildConfiguration;
			baseConfigurationReference = 299F31FEE249E16032BBFAE6 /* Pods-FeedHenry.release.xcconfig */;
			buildSettings = {
				ALWAYS_EMBED_SWIFT_STANDARD_LIBRARIES = "$(inherited)";
				CLANG_ENABLE_MODULES = YES;
				"CODE_SIGN_IDENTITY[sdk=iphoneos*]" = "";
				DEFINES_MODULE = YES;
				DYLIB_COMPATIBILITY_VERSION = 1;
				DYLIB_CURRENT_VERSION = 1;
				DYLIB_INSTALL_NAME_BASE = "@rpath";
				INFOPLIST_FILE = FeedHenry/Info.plist;
				INSTALL_PATH = "$(LOCAL_LIBRARY_DIR)/Frameworks";
				IPHONEOS_DEPLOYMENT_TARGET = 8.0;
				LD_RUNPATH_SEARCH_PATHS = "$(inherited) @executable_path/Frameworks @loader_path/Frameworks";
				PRODUCT_BUNDLE_IDENTIFIER = com.feedhenry.FeedHenry;
				PRODUCT_NAME = "$(TARGET_NAME)";
				SKIP_INSTALL = YES;
				SWIFT_OBJC_BRIDGING_HEADER = "";
				SWIFT_VERSION = 3.0.1;
			};
			name = Release;
		};
		4878D5F21B579965004518C4 /* Debug */ = {
			isa = XCBuildConfiguration;
			baseConfigurationReference = 77C83D55D64CE176F53CBBC9 /* Pods-FeedHenry-FeedHenryTests.debug.xcconfig */;
			buildSettings = {
				ALWAYS_EMBED_SWIFT_STANDARD_LIBRARIES = YES;
				CLANG_ENABLE_MODULES = YES;
				INFOPLIST_FILE = FeedHenryTests/Info.plist;
				LD_RUNPATH_SEARCH_PATHS = "$(inherited) @executable_path/Frameworks @loader_path/Frameworks";
				PRODUCT_BUNDLE_IDENTIFIER = com.feedhenry.FeedHenryTests;
				PRODUCT_NAME = "$(TARGET_NAME)";
				SWIFT_OBJC_BRIDGING_HEADER = "FeedHenryTests/FeedHenryTests-Bridging-Header.h";
				SWIFT_OPTIMIZATION_LEVEL = "-Onone";
				SWIFT_VERSION = 3.0.1;
			};
			name = Debug;
		};
		4878D5F31B579965004518C4 /* Release */ = {
			isa = XCBuildConfiguration;
			baseConfigurationReference = 1E89683189C3ED0959258EC0 /* Pods-FeedHenry-FeedHenryTests.release.xcconfig */;
			buildSettings = {
				ALWAYS_EMBED_SWIFT_STANDARD_LIBRARIES = YES;
				CLANG_ENABLE_MODULES = YES;
				INFOPLIST_FILE = FeedHenryTests/Info.plist;
				LD_RUNPATH_SEARCH_PATHS = "$(inherited) @executable_path/Frameworks @loader_path/Frameworks";
				PRODUCT_BUNDLE_IDENTIFIER = com.feedhenry.FeedHenryTests;
				PRODUCT_NAME = "$(TARGET_NAME)";
				SWIFT_OBJC_BRIDGING_HEADER = "FeedHenryTests/FeedHenryTests-Bridging-Header.h";
				SWIFT_VERSION = 3.0.1;
			};
			name = Release;
		};
/* End XCBuildConfiguration section */

/* Begin XCConfigurationList section */
		4878D5D41B579965004518C4 /* Build configuration list for PBXProject "FeedHenry" */ = {
			isa = XCConfigurationList;
			buildConfigurations = (
				4878D5EC1B579965004518C4 /* Debug */,
				4878D5ED1B579965004518C4 /* Release */,
			);
			defaultConfigurationIsVisible = 0;
			defaultConfigurationName = Release;
		};
		4878D5EE1B579965004518C4 /* Build configuration list for PBXNativeTarget "FeedHenry" */ = {
			isa = XCConfigurationList;
			buildConfigurations = (
				4878D5EF1B579965004518C4 /* Debug */,
				4878D5F01B579965004518C4 /* Release */,
			);
			defaultConfigurationIsVisible = 0;
			defaultConfigurationName = Release;
		};
		4878D5F11B579965004518C4 /* Build configuration list for PBXNativeTarget "FeedHenryTests" */ = {
			isa = XCConfigurationList;
			buildConfigurations = (
				4878D5F21B579965004518C4 /* Debug */,
				4878D5F31B579965004518C4 /* Release */,
			);
			defaultConfigurationIsVisible = 0;
			defaultConfigurationName = Release;
		};
/* End XCConfigurationList section */
	};
	rootObject = 4878D5D11B579965004518C4 /* Project object */;
}
